
Microsoft Visual Studio Solution File, Format Version 12.00
# Visual Studio Version 17
VisualStudioVersion = 17.8.34316.72
MinimumVisualStudioVersion = 10.0.40219.1
Project("{9A19103F-16F7-4668-BE54-9A1E7A4F7556}") = "VersionUpdate", "VersionUpdate\VersionUpdate.csproj", "{975D6CAE-01CD-459C-8933-6757EE1CA90B}"
EndProject
Project("{9A19103F-16F7-4668-BE54-9A1E7A4F7556}") = "VersionUtilities", "VersionUtilities\VersionUtilities.csproj", "{672EE775-F7E1-499A-8D52-C5D0E4830241}"
EndProject
Project("{9A19103F-16F7-4668-BE54-9A1E7A4F7556}") = "VersionUtilities.Test", "VersionUtilities.Test\VersionUtilities.Test.csproj", "{FBEDB5BC-2023-4C6D-AB0D-E136D51EA4EE}"
EndProject
Project("{2150E333-8FDC-42A3-9474-1A3956D46DE8}") = "Solution Files", "Solution Files", "{0D0737C7-5F4E-4DDE-AB85-9CEF91DF317D}"
	ProjectSection(SolutionItems) = preProject
		.editorconfig = .editorconfig
	EndProjectSection
EndProject
Global
	GlobalSection(SolutionConfigurationPlatforms) = preSolution
		Debug|Any CPU = Debug|Any CPU
		Release|Any CPU = Release|Any CPU
	EndGlobalSection
	GlobalSection(ProjectConfigurationPlatforms) = postSolution
		{975D6CAE-01CD-459C-8933-6757EE1CA90B}.Debug|Any CPU.ActiveCfg = Debug|Any CPU
		{975D6CAE-01CD-459C-8933-6757EE1CA90B}.Debug|Any CPU.Build.0 = Debug|Any CPU
		{975D6CAE-01CD-459C-8933-6757EE1CA90B}.Release|Any CPU.ActiveCfg = Release|Any CPU
		{975D6CAE-01CD-459C-8933-6757EE1CA90B}.Release|Any CPU.Build.0 = Release|Any CPU
		{672EE775-F7E1-499A-8D52-C5D0E4830241}.Debug|Any CPU.ActiveCfg = Debug|Any CPU
		{672EE775-F7E1-499A-8D52-C5D0E4830241}.Debug|Any CPU.Build.0 = Debug|Any CPU
		{672EE775-F7E1-499A-8D52-C5D0E4830241}.Release|Any CPU.ActiveCfg = Release|Any CPU
		{672EE775-F7E1-499A-8D52-C5D0E4830241}.Release|Any CPU.Build.0 = Release|Any CPU
		{FBEDB5BC-2023-4C6D-AB0D-E136D51EA4EE}.Debug|Any CPU.ActiveCfg = Debug|Any CPU
		{FBEDB5BC-2023-4C6D-AB0D-E136D51EA4EE}.Debug|Any CPU.Build.0 = Debug|Any CPU
		{FBEDB5BC-2023-4C6D-AB0D-E136D51EA4EE}.Release|Any CPU.ActiveCfg = Release|Any CPU
		{FBEDB5BC-2023-4C6D-AB0D-E136D51EA4EE}.Release|Any CPU.Build.0 = Release|Any CPU
	EndGlobalSection
	GlobalSection(SolutionProperties) = preSolution
		HideSolutionNode = FALSE
	EndGlobalSection
	GlobalSection(ExtensibilityGlobals) = postSolution
		SolutionGuid = {3790CDF7-2741-495E-BAE8-37E6340A580E}
	EndGlobalSection
EndGlobal
