
Microsoft Visual Studio Solution File, Format Version 12.00
# Visual Studio Version 16
VisualStudioVersion = 16.0.31321.278
MinimumVisualStudioVersion = 10.0.40219.1
Project("{9A19103F-16F7-4668-BE54-9A1E7A4F7556}") = "VersionUpdate", "VersionUpdate\VersionUpdate.csproj", "{72EC9309-D2CA-413F-87C3-B7049FEC5C6B}"
EndProject
Project("{9A19103F-16F7-4668-BE54-9A1E7A4F7556}") = "VersionUtilities", "VersionUtilities\VersionUtilities.csproj", "{30D47707-01DB-4AA3-95BC-581C75632DB8}"
EndProject
Global
	GlobalSection(SolutionConfigurationPlatforms) = preSolution
		Debug|Any CPU = Debug|Any CPU
		Debug|x64 = Debug|x64
		Debug|x86 = Debug|x86
		Release|Any CPU = Release|Any CPU
		Release|x64 = Release|x64
		Release|x86 = Release|x86
	EndGlobalSection
	GlobalSection(ProjectConfigurationPlatforms) = postSolution
		{72EC9309-D2CA-413F-87C3-B7049FEC5C6B}.Debug|Any CPU.ActiveCfg = Debug|Any CPU
		{72EC9309-D2CA-413F-87C3-B7049FEC5C6B}.Debug|Any CPU.Build.0 = Debug|Any CPU
		{72EC9309-D2CA-413F-87C3-B7049FEC5C6B}.Debug|x64.ActiveCfg = Debug|x64
		{72EC9309-D2CA-413F-87C3-B7049FEC5C6B}.Debug|x64.Build.0 = Debug|x64
		{72EC9309-D2CA-413F-87C3-B7049FEC5C6B}.Debug|x86.ActiveCfg = Debug|x86
		{72EC9309-D2CA-413F-87C3-B7049FEC5C6B}.Debug|x86.Build.0 = Debug|x86
		{72EC9309-D2CA-413F-87C3-B7049FEC5C6B}.Release|Any CPU.ActiveCfg = Release|Any CPU
		{72EC9309-D2CA-413F-87C3-B7049FEC5C6B}.Release|Any CPU.Build.0 = Release|Any CPU
		{72EC9309-D2CA-413F-87C3-B7049FEC5C6B}.Release|x64.ActiveCfg = Release|x64
		{72EC9309-D2CA-413F-87C3-B7049FEC5C6B}.Release|x64.Build.0 = Release|x64
		{72EC9309-D2CA-413F-87C3-B7049FEC5C6B}.Release|x86.ActiveCfg = Release|x86
		{72EC9309-D2CA-413F-87C3-B7049FEC5C6B}.Release|x86.Build.0 = Release|x86
		{30D47707-01DB-4AA3-95BC-581C75632DB8}.Debug|Any CPU.ActiveCfg = Debug|x86
		{30D47707-01DB-4AA3-95BC-581C75632DB8}.Debug|Any CPU.Build.0 = Debug|x86
		{30D47707-01DB-4AA3-95BC-581C75632DB8}.Debug|x64.ActiveCfg = Debug|x64
		{30D47707-01DB-4AA3-95BC-581C75632DB8}.Debug|x64.Build.0 = Debug|x64
		{30D47707-01DB-4AA3-95BC-581C75632DB8}.Debug|x86.ActiveCfg = Debug|x86
		{30D47707-01DB-4AA3-95BC-581C75632DB8}.Debug|x86.Build.0 = Debug|x86
		{30D47707-01DB-4AA3-95BC-581C75632DB8}.Release|Any CPU.ActiveCfg = Release|x86
		{30D47707-01DB-4AA3-95BC-581C75632DB8}.Release|Any CPU.Build.0 = Release|x86
		{30D47707-01DB-4AA3-95BC-581C75632DB8}.Release|x64.ActiveCfg = Release|x64
		{30D47707-01DB-4AA3-95BC-581C75632DB8}.Release|x64.Build.0 = Release|x64
		{30D47707-01DB-4AA3-95BC-581C75632DB8}.Release|x86.ActiveCfg = Release|x86
		{30D47707-01DB-4AA3-95BC-581C75632DB8}.Release|x86.Build.0 = Release|x86
	EndGlobalSection
	GlobalSection(SolutionProperties) = preSolution
		HideSolutionNode = FALSE
	EndGlobalSection
	GlobalSection(ExtensibilityGlobals) = postSolution
		SolutionGuid = {3790CDF7-2741-495E-BAE8-37E6340A580E}
	EndGlobalSection
EndGlobal
